{
  "version": 1,
  "dependencies": {
    "net10.0-windows8.0": {
      "Microsoft.NET.ILLink.Tasks": {
        "type": "Direct",
        "requested": "[10.0.12, )",
        "resolved": "10.0.12",
        "contentHash": "xi+BDjFpW+Sb+MHFHaH6Y/gV9I8BluFwRXc1QyCdoZbIK26eNiBeFuMTe/FMwc33G1wdHCyDg7CVTmb8OdQrMQ=="
      },
      "NUnit": {
        "type": "Direct",
        "requested": "[5.0.0, )",
        "resolved": "5.0.0",
        "contentHash": "tW5Juazgh4CI4pXo5c9c2J9J4i9vwZMm/FJ+gRRe0plJHLCz7Ck/raPuE5q1xWmLAUwpao4Ht1Uy1uRN3Wo5sw=="
      },
      "cube.core": {
        "type": "Project"
      }
    }
  }
}