<Solution>
  <Configurations>
    <Platform Name="AnyCPU" />
    <Platform Name="x64" />
    <Platform Name="arm64" />
  </Configurations>
  <Project Path="Libraries/Core/Cube.FileSystem.SevenZip.csproj" />
  <Project Path="Libraries/Cube.Core/Cube.Core.csproj" />
  <Project Path="Libraries/Cube.Logging/Cube.Logging.csproj" />
  <Project Path="Tests/Core/Cube.FileSystem.SevenZip.Tests.csproj" />
  <Project Path="Tests/Private/Cube.Private.Tests.csproj" />
</Solution>
